
Microsoft Visual Studio Solution File, Format Version 12.00
# Visual Studio Version 16
VisualStudioVersion = 16.0.29924.181
MinimumVisualStudioVersion = 10.0.40219.1
Project("{9A19103F-16F7-4668-BE54-9A1E7A4F7556}") = "FormatCovid19Data", "FormatCovid19Data\FormatCovid19Data.csproj", "{9B0B3F6B-8444-48F0-9D2F-5B63E5D86947}"
EndProject
Project("{FAE04EC0-301F-11D3-BF4B-00C04F79EFBC}") = "FormatCovid19Data.Tests", "FormatCovid19Data.Tests\FormatCovid19Data.Tests.csproj", "{D6F56E69-0AC2-4F2E-88E6-3A31A9FC8F40}"
EndProject
Global
	GlobalSection(SolutionConfigurationPlatforms) = preSolution
		Debug|Any CPU = Debug|Any CPU
		Release|Any CPU = Release|Any CPU
	EndGlobalSection
	GlobalSection(ProjectConfigurationPlatforms) = postSolution
		{9B0B3F6B-8444-48F0-9D2F-5B63E5D86947}.Debug|Any CPU.ActiveCfg = Debug|Any CPU
		{9B0B3F6B-8444-48F0-9D2F-5B63E5D86947}.Debug|Any CPU.Build.0 = Debug|Any CPU
		{9B0B3F6B-8444-48F0-9D2F-5B63E5D86947}.Release|Any CPU.ActiveCfg = Release|Any CPU
		{9B0B3F6B-8444-48F0-9D2F-5B63E5D86947}.Release|Any CPU.Build.0 = Release|Any CPU
		{D6F56E69-0AC2-4F2E-88E6-3A31A9FC8F40}.Debug|Any CPU.ActiveCfg = Debug|Any CPU
		{D6F56E69-0AC2-4F2E-88E6-3A31A9FC8F40}.Debug|Any CPU.Build.0 = Debug|Any CPU
		{D6F56E69-0AC2-4F2E-88E6-3A31A9FC8F40}.Release|Any CPU.ActiveCfg = Release|Any CPU
		{D6F56E69-0AC2-4F2E-88E6-3A31A9FC8F40}.Release|Any CPU.Build.0 = Release|Any CPU
	EndGlobalSection
	GlobalSection(SolutionProperties) = preSolution
		HideSolutionNode = FALSE
	EndGlobalSection
	GlobalSection(ExtensibilityGlobals) = postSolution
		SolutionGuid = {7CB30711-6F03-4670-BC8C-99550BD7A669}
	EndGlobalSection
EndGlobal
